
Microsoft Visual Studio Solution File, Format Version 12.00
# Visual Studio Version 16
VisualStudioVersion = 16.0.29201.188
MinimumVisualStudioVersion = 10.0.40219.1
Project("{9A19103F-16F7-4668-BE54-9A1E7A4F7556}") = "MyLeasing.Common", "MyLeasing.Common\MyLeasing.Common.csproj", "{291AD57E-2C7B-40AA-BAE8-9037D2224739}"
EndProject
Project("{9A19103F-16F7-4668-BE54-9A1E7A4F7556}") = "MyLeasing.Web", "MyLeasing.Web\MyLeasing.Web.csproj", "{888FA658-3AB2-4C1A-BEDA-DDEC2119889F}"
EndProject
Global
	GlobalSection(SolutionConfigurationPlatforms) = preSolution
		Debug|Any CPU = Debug|Any CPU
		Release|Any CPU = Release|Any CPU
	EndGlobalSection
	GlobalSection(ProjectConfigurationPlatforms) = postSolution
		{291AD57E-2C7B-40AA-BAE8-9037D2224739}.Debug|Any CPU.ActiveCfg = Debug|Any CPU
		{291AD57E-2C7B-40AA-BAE8-9037D2224739}.Debug|Any CPU.Build.0 = Debug|Any CPU
		{291AD57E-2C7B-40AA-BAE8-9037D2224739}.Release|Any CPU.ActiveCfg = Release|Any CPU
		{291AD57E-2C7B-40AA-BAE8-9037D2224739}.Release|Any CPU.Build.0 = Release|Any CPU
		{888FA658-3AB2-4C1A-BEDA-DDEC2119889F}.Debug|Any CPU.ActiveCfg = Debug|Any CPU
		{888FA658-3AB2-4C1A-BEDA-DDEC2119889F}.Debug|Any CPU.Build.0 = Debug|Any CPU
		{888FA658-3AB2-4C1A-BEDA-DDEC2119889F}.Release|Any CPU.ActiveCfg = Release|Any CPU
		{888FA658-3AB2-4C1A-BEDA-DDEC2119889F}.Release|Any CPU.Build.0 = Release|Any CPU
	EndGlobalSection
	GlobalSection(SolutionProperties) = preSolution
		HideSolutionNode = FALSE
	EndGlobalSection
	GlobalSection(ExtensibilityGlobals) = postSolution
		SolutionGuid = {8CC7ECD5-CBEF-4572-9943-9D8E27CE3D1D}
	EndGlobalSection
EndGlobal
